{
  "name": "cool-shit-pkg-website",
  "version": "1.0.0",
  "lockfileVersion": 2,
  "requires": true,
  "packages": {
    "": {
      "name": "cool-shit-pkg-website",
      "version": "1.0.0",
      "license": "ISC",
      "dependencies": {
        "cool-shit-pkg": "^1.1.7"
      }
    },
    "node_modules/cool-shit-pkg": {
      "version": "1.1.7",
      "resolved": "https://registry.npmjs.org/cool-shit-pkg/-/cool-shit-pkg-1.1.7.tgz",
      "integrity": "sha512-W/9IJaBgRsI6MH7clDKwv83Zkgve8Ymb4k3ja0sb344igNRK1ZT5Y+aVTXWeDftBLC4FndZORVp8GyP5PpHSaA=="
    }
  },
  "dependencies": {
    "cool-shit-pkg": {
      "version": "1.1.7",
      "resolved": "https://registry.npmjs.org/cool-shit-pkg/-/cool-shit-pkg-1.1.7.tgz",
      "integrity": "sha512-W/9IJaBgRsI6MH7clDKwv83Zkgve8Ymb4k3ja0sb344igNRK1ZT5Y+aVTXWeDftBLC4FndZORVp8GyP5PpHSaA=="
    }
  }
}
